{
  "originHash" : "7d8bf286e0cd67d2fbd2f325823a37f67611c2ebc90f04fcead0ba40e9e93595",
  "pins" : [
    {
      "identity" : "sparkle",
      "kind" : "remoteSourceControl",
      "location" : "https://github.com/sparkle-project/Sparkle",
      "state" : {
        "revision" : "ac2def288cbff5cfc7df3ffef6abdf45b72bcb0a",
        "version" : "2.9.6"
      }
    },
    {
      "identity" : "swiftsdk",
      "kind" : "remoteSourceControl",
      "location" : "https://github.com/TelemetryDeck/SwiftSDK",
      "state" : {
        "revision" : "976172aa79a157157e754441c5ca4869c455b657",
        "version" : "2.14.0"
      }
    }
  ],
  "version" : 3
}
